// !$*UTF8*$!
{
	archiveVersion = 1;
	classes = {
	};
	objectVersion = 46;
	objects = {

/* Begin PBXBuildFile section */
		D72FC9A41B8AF9D300FAE813 /* main.m in Sources */ = {isa = PBXBuildFile; fileRef = D72FC9A31B8AF9D300FAE813 /* main.m */; };
		D72FC9C91B8AF9DC00FAE813 /* Calculator.m in Sources */ = {isa = PBXBuildFile; fileRef = D72FC9C81B8AF9DC00FAE813 /* Calculator.m */; };
		D72FC9D41B8B17E900FAE813 /* Info.plist in Resources */ = {isa = PBXBuildFile; fileRef = D72FC9D31B8B17E900FAE813 /* Info.plist */; };
/* End PBXBuildFile section */

/* Begin PBXContainerItemProxy section */
		D72FC9B81B8AF9D300FAE813 /* PBXContainerItemProxy */ = {
			isa = PBXContainerItemProxy;
			containerPortal = D72FC9961B8AF9D300FAE813 /* Project object */;
			proxyType = 1;
			remoteGlobalIDString = D72FC99D1B8AF9D300FAE813;
			remoteInfo = testpod;
		};
/* End PBXContainerItemProxy section */

/* Begin PBXFileReference section */
		D72FC99E1B8AF9D300FAE813 /* testpod.app */ = {isa = PBXFileReference; explicitFileType = wrapper.application; includeInIndex = 0; path = testpod.app; sourceTree = BUILT_PRODUCTS_DIR; };
		D72FC9A31B8AF9D300FAE813 /* main.m */ = {isa = PBXFileReference; lastKnownFileType = sourcecode.c.objc; path = main.m; sourceTree = "<group>"; };
		D72FC9B71B8AF9D300FAE813 /* testpodTests.xctest */ = {isa = PBXFileReference; explicitFileType = wrapper.cfbundle; includeInIndex = 0; path = testpodTests.xctest; sourceTree = BUILT_PRODUCTS_DIR; };
		D72FC9C71B8AF9DC00FAE813 /* Calculator.h */ = {isa = PBXFileReference; fileEncoding = 4; lastKnownFileType = sourcecode.c.h; path = Calculator.h; sourceTree = "<group>"; };
		D72FC9C81B8AF9DC00FAE813 /* Calculator.m */ = {isa = PBXFileReference; fileEncoding = 4; lastKnownFileType = sourcecode.c.objc; path = Calculator.m; sourceTree = "<group>"; };
		D72FC9D31B8B17E900FAE813 /* Info.plist */ = {isa = PBXFileReference; fileEncoding = 4; lastKnownFileType = text.plist.xml; path = Info.plist; sourceTree = "<group>"; };
/* End PBXFileReference section */

/* Begin PBXFrameworksBuildPhase section */
		D72FC99B1B8AF9D300FAE813 /* Frameworks */ = {
			isa = PBXFrameworksBuildPhase;
			buildActionMask = 2147483647;
			files = (
			);
			runOnlyForDeploymentPostprocessing = 0;
		};
		D72FC9B41B8AF9D300FAE813 /* Frameworks */ = {
			isa = PBXFrameworksBuildPhase;
			buildActionMask = 2147483647;
			files = (
			);
			runOnlyForDeploymentPostprocessing = 0;
		};
/* End PBXFrameworksBuildPhase section */

/* Begin PBXGroup section */
		D72FC9951B8AF9D300FAE813 = {
			isa = PBXGroup;
			children = (
				D72FC9A01B8AF9D300FAE813 /* testpod */,
				D72FC99F1B8AF9D300FAE813 /* Products */,
			);
			sourceTree = "<group>";
		};
		D72FC99F1B8AF9D300FAE813 /* Products */ = {
			isa = PBXGroup;
			children = (
				D72FC99E1B8AF9D300FAE813 /* testpod.app */,
				D72FC9B71B8AF9D300FAE813 /* testpodTests.xctest */,
			);
			name = Products;
			sourceTree = "<group>";
		};
		D72FC9A01B8AF9D300FAE813 /* testpod */ = {
			isa = PBXGroup;
			children = (
				D72FC9C71B8AF9DC00FAE813 /* Calculator.h */,
				D72FC9C81B8AF9DC00FAE813 /* Calculator.m */,
				D72FC9A11B8AF9D300FAE813 /* Supporting Files */,
			);
			path = testpod;
			sourceTree = "<group>";
		};
		D72FC9A11B8AF9D300FAE813 /* Supporting Files */ = {
			isa = PBXGroup;
			children = (
				D72FC9D31B8B17E900FAE813 /* Info.plist */,
				D72FC9A31B8AF9D300FAE813 /* main.m */,
			);
			name = "Supporting Files";
			sourceTree = "<group>";
		};
/* End PBXGroup section */

/* Begin PBXNativeTarget section */
		D72FC99D1B8AF9D300FAE813 /* testpod */ = {
			isa = PBXNativeTarget;
			buildConfigurationList = D72FC9C11B8AF9D300FAE813 /* Build configuration list for PBXNativeTarget "testpod" */;
			buildPhases = (
				D72FC99A1B8AF9D300FAE813 /* Sources */,
				D72FC99B1B8AF9D300FAE813 /* Frameworks */,
				D72FC99C1B8AF9D300FAE813 /* Resources */,
			);
			buildRules = (
			);
			dependencies = (
			);
			name = testpod;
			productName = testpod;
			productReference = D72FC99E1B8AF9D300FAE813 /* testpod.app */;
			productType = "com.apple.product-type.application";
		};
		D72FC9B61B8AF9D300FAE813 /* testpodTests */ = {
			isa = PBXNativeTarget;
			buildConfigurationList = D72FC9C41B8AF9D300FAE813 /* Build configuration list for PBXNativeTarget "testpodTests" */;
			buildPhases = (
				D72FC9B31B8AF9D300FAE813 /* Sources */,
				D72FC9B41B8AF9D300FAE813 /* Frameworks */,
				D72FC9B51B8AF9D300FAE813 /* Resources */,
			);
			buildRules = (
			);
			dependencies = (
				D72FC9B91B8AF9D300FAE813 /* PBXTargetDependency */,
			);
			name = testpodTests;
			productName = testpodTests;
			productReference = D72FC9B71B8AF9D300FAE813 /* testpodTests.xctest */;
			productType = "com.apple.product-type.bundle.unit-test";
		};
/* End PBXNativeTarget section */

/* Begin PBXProject section */
		D72FC9961B8AF9D300FAE813 /* Project object */ = {
			isa = PBXProject;
			attributes = {
				LastUpgradeCheck = 0640;
				ORGANIZATIONNAME = "Assem Imam";
				TargetAttributes = {
					D72FC99D1B8AF9D300FAE813 = {
						CreatedOnToolsVersion = 6.4;
					};
					D72FC9B61B8AF9D300FAE813 = {
						CreatedOnToolsVersion = 6.4;
						TestTargetID = D72FC99D1B8AF9D300FAE813;
					};
				};
			};
			buildConfigurationList = D72FC9991B8AF9D300FAE813 /* Build configuration list for PBXProject "testpod" */;
			compatibilityVersion = "Xcode 3.2";
			developmentRegion = English;
			hasScannedForEncodings = 0;
			knownRegions = (
				en,
				Base,
			);
			mainGroup = D72FC9951B8AF9D300FAE813;
			productRefGroup = D72FC99F1B8AF9D300FAE813 /* Products */;
			projectDirPath = "";
			projectRoot = "";
			targets = (
				D72FC99D1B8AF9D300FAE813 /* testpod */,
				D72FC9B61B8AF9D300FAE813 /* testpodTests */,
			);
		};
/* End PBXProject section */

/* Begin PBXResourcesBuildPhase section */
		D72FC99C1B8AF9D300FAE813 /* Resources */ = {
			isa = PBXResourcesBuildPhase;
			buildActionMask = 2147483647;
			files = (
				D72FC9D41B8B17E900FAE813 /* Info.plist in Resources */,
			);
			runOnlyForDeploymentPostprocessing = 0;
		};
		D72FC9B51B8AF9D300FAE813 /* Resources */ = {
			isa = PBXResourcesBuildPhase;
			buildActionMask = 2147483647;
			files = (
			);
			runOnlyForDeploymentPostprocessing = 0;
		};
/* End PBXResourcesBuildPhase section */

/* Begin PBXSourcesBuildPhase section */
		D72FC99A1B8AF9D300FAE813 /* Sources */ = {
			isa = PBXSourcesBuildPhase;
			buildActionMask = 2147483647;
			files = (
				D72FC9C91B8AF9DC00FAE813 /* Calculator.m in Sources */,
				D72FC9A41B8AF9D300FAE813 /* main.m in Sources */,
			);
			runOnlyForDeploymentPostprocessing = 0;
		};
		D72FC9B31B8AF9D300FAE813 /* Sources */ = {
			isa = PBXSourcesBuildPhase;
			buildActionMask = 2147483647;
			files = (
			);
			runOnlyForDeploymentPostprocessing = 0;
		};
/* End PBXSourcesBuildPhase section */

/* Begin PBXTargetDependency section */
		D72FC9B91B8AF9D300FAE813 /* PBXTargetDependency */ = {
			isa = PBXTargetDependency;
			target = D72FC99D1B8AF9D300FAE813 /* testpod */;
			targetProxy = D72FC9B81B8AF9D300FAE813 /* PBXContainerItemProxy */;
		};
/* End PBXTargetDependency section */

/* Begin XCBuildConfiguration section */
		D72FC9BF1B8AF9D300FAE813 /* Debug */ = {
			isa = XCBuildConfiguration;
			buildSettings = {
				ALWAYS_SEARCH_USER_PATHS = NO;
				CLANG_CXX_LANGUAGE_STANDARD = "gnu++0x";
				CLANG_CXX_LIBRARY = "libc++";
				CLANG_ENABLE_MODULES = YES;
				CLANG_ENABLE_OBJC_ARC = YES;
				CLANG_WARN_BOOL_CONVERSION = YES;
				CLANG_WARN_CONSTANT_CONVERSION = YES;
				CLANG_WARN_DIRECT_OBJC_ISA_USAGE = YES_ERROR;
				CLANG_WARN_EMPTY_BODY = YES;
				CLANG_WARN_ENUM_CONVERSION = YES;
				CLANG_WARN_INT_CONVERSION = YES;
				CLANG_WARN_OBJC_ROOT_CLASS = YES_ERROR;
				CLANG_WARN_UNREACHABLE_CODE = YES;
				CLANG_WARN__DUPLICATE_METHOD_MATCH = YES;
				"CODE_SIGN_IDENTITY[sdk=iphoneos*]" = "iPhone Developer";
				COPY_PHASE_STRIP = NO;
				DEBUG_INFORMATION_FORMAT = "dwarf-with-dsym";
				ENABLE_STRICT_OBJC_MSGSEND = YES;
				GCC_C_LANGUAGE_STANDARD = gnu99;
				GCC_DYNAMIC_NO_PIC = NO;
				GCC_NO_COMMON_BLOCKS = YES;
				GCC_OPTIMIZATION_LEVEL = 0;
				GCC_PREPROCESSOR_DEFINITIONS = (
					"DEBUG=1",
					"$(inherited)",
				);
				GCC_SYMBOLS_PRIVATE_EXTERN = NO;
				GCC_WARN_64_TO_32_BIT_CONVERSION = YES;
				GCC_WARN_ABOUT_RETURN_TYPE = YES_ERROR;
				GCC_WARN_UNDECLARED_SELECTOR = YES;
				GCC_WARN_UNINITIALIZED_AUTOS = YES_AGGRESSIVE;
				GCC_WARN_UNUSED_FUNCTION = YES;
				GCC_WARN_UNUSED_VARIABLE = YES;
				IPHONEOS_DEPLOYMENT_TARGET = 8.4;
				MTL_ENABLE_DEBUG_INFO = YES;
				ONLY_ACTIVE_ARCH = YES;
				SDKROOT = iphoneos;
			};
			name = Debug;
		};
		D72FC9C01B8AF9D300FAE813 /* Release */ = {
			isa = XCBuildConfiguration;
			buildSettings = {
				ALWAYS_SEARCH_USER_PATHS = NO;
				CLANG_CXX_LANGUAGE_STANDARD = "gnu++0x";
				CLANG_CXX_LIBRARY = "libc++";
				CLANG_ENABLE_MODULES = YES;
				CLANG_ENABLE_OBJC_ARC = YES;
				CLANG_WARN_BOOL_CONVERSION = YES;
				CLANG_WARN_CONSTANT_CONVERSION = YES;
				CLANG_WARN_DIRECT_OBJC_ISA_USAGE = YES_ERROR;
				CLANG_WARN_EMPTY_BODY = YES;
				CLANG_WARN_ENUM_CONVERSION = YES;
				CLANG_WARN_INT_CONVERSION = YES;
				CLANG_WARN_OBJC_ROOT_CLASS = YES_ERROR;
				CLANG_WARN_UNREACHABLE_CODE = YES;
				CLANG_WARN__DUPLICATE_METHOD_MATCH = YES;
				"CODE_SIGN_IDENTITY[sdk=iphoneos*]" = "iPhone Developer";
				COPY_PHASE_STRIP = NO;
				DEBUG_INFORMATION_FORMAT = "dwarf-with-dsym";
				ENABLE_NS_ASSERTIONS = NO;
				ENABLE_STRICT_OBJC_MSGSEND = YES;
				GCC_C_LANGUAGE_STANDARD = gnu99;
				GCC_NO_COMMON_BLOCKS = YES;
				GCC_WARN_64_TO_32_BIT_CONVERSION = YES;
				GCC_WARN_ABOUT_RETURN_TYPE = YES_ERROR;
				GCC_WARN_UNDECLARED_SELECTOR = YES;
				GCC_WARN_UNINITIALIZED_AUTOS = YES_AGGRESSIVE;
				GCC_WARN_UNUSED_FUNCTION = YES;
				GCC_WARN_UNUSED_VARIABLE = YES;
				IPHONEOS_DEPLOYMENT_TARGET = 8.4;
				MTL_ENABLE_DEBUG_INFO = NO;
				SDKROOT = iphoneos;
				VALIDATE_PRODUCT = YES;
			};
			name = Release;
		};
		D72FC9C21B8AF9D300FAE813 /* Debug */ = {
			isa = XCBuildConfiguration;
			buildSettings = {
				ASSETCATALOG_COMPILER_APPICON_NAME = AppIcon;
				INFOPLIST_FILE = testpod/Info.plist;
				LD_RUNPATH_SEARCH_PATHS = "$(inherited) @executable_path/Frameworks";
				PRODUCT_NAME = "$(TARGET_NAME)";
			};
			name = Debug;
		};
		D72FC9C31B8AF9D300FAE813 /* Release */ = {
			isa = XCBuildConfiguration;
			buildSettings = {
				ASSETCATALOG_COMPILER_APPICON_NAME = AppIcon;
				INFOPLIST_FILE = testpod/Info.plist;
				LD_RUNPATH_SEARCH_PATHS = "$(inherited) @executable_path/Frameworks";
				PRODUCT_NAME = "$(TARGET_NAME)";
			};
			name = Release;
		};
		D72FC9C51B8AF9D300FAE813 /* Debug */ = {
			isa = XCBuildConfiguration;
			buildSettings = {
				BUNDLE_LOADER = "$(TEST_HOST)";
				FRAMEWORK_SEARCH_PATHS = (
					"$(SDKROOT)/Developer/Library/Frameworks",
					"$(inherited)",
				);
				GCC_PREPROCESSOR_DEFINITIONS = (
					"DEBUG=1",
					"$(inherited)",
				);
				INFOPLIST_FILE = testpodTests/Info.plist;
				LD_RUNPATH_SEARCH_PATHS = "$(inherited) @executable_path/Frameworks @loader_path/Frameworks";
				PRODUCT_NAME = "$(TARGET_NAME)";
				TEST_HOST = "$(BUILT_PRODUCTS_DIR)/testpod.app/testpod";
			};
			name = Debug;
		};
		D72FC9C61B8AF9D300FAE813 /* Release */ = {
			isa = XCBuildConfiguration;
			buildSettings = {
				BUNDLE_LOADER = "$(TEST_HOST)";
				FRAMEWORK_SEARCH_PATHS = (
					"$(SDKROOT)/Developer/Library/Frameworks",
					"$(inherited)",
				);
				INFOPLIST_FILE = testpodTests/Info.plist;
				LD_RUNPATH_SEARCH_PATHS = "$(inherited) @executable_path/Frameworks @loader_path/Frameworks";
				PRODUCT_NAME = "$(TARGET_NAME)";
				TEST_HOST = "$(BUILT_PRODUCTS_DIR)/testpod.app/testpod";
			};
			name = Release;
		};
/* End XCBuildConfiguration section */

/* Begin XCConfigurationList section */
		D72FC9991B8AF9D300FAE813 /* Build configuration list for PBXProject "testpod" */ = {
			isa = XCConfigurationList;
			buildConfigurations = (
				D72FC9BF1B8AF9D300FAE813 /* Debug */,
				D72FC9C01B8AF9D300FAE813 /* Release */,
			);
			defaultConfigurationIsVisible = 0;
			defaultConfigurationName = Release;
		};
		D72FC9C11B8AF9D300FAE813 /* Build configuration list for PBXNativeTarget "testpod" */ = {
			isa = XCConfigurationList;
			buildConfigurations = (
				D72FC9C21B8AF9D300FAE813 /* Debug */,
				D72FC9C31B8AF9D300FAE813 /* Release */,
			);
			defaultConfigurationIsVisible = 0;
			defaultConfigurationName = Release;
		};
		D72FC9C41B8AF9D300FAE813 /* Build configuration list for PBXNativeTarget "testpodTests" */ = {
			isa = XCConfigurationList;
			buildConfigurations = (
				D72FC9C51B8AF9D300FAE813 /* Debug */,
				D72FC9C61B8AF9D300FAE813 /* Release */,
			);
			defaultConfigurationIsVisible = 0;
			defaultConfigurationName = Release;
		};
/* End XCConfigurationList section */
	};
	rootObject = D72FC9961B8AF9D300FAE813 /* Project object */;
}
